
Microsoft Visual Studio Solution File, Format Version 12.00
# Visual Studio Version 16
VisualStudioVersion = 16.0.30320.27
MinimumVisualStudioVersion = 10.0.40219.1
Project("{FAE04EC0-301F-11D3-BF4B-00C04F79EFBC}") = "convertMethods", "convertMethods\convertMethods.csproj", "{7377C1FD-E08F-4EF2-93FF-6B12407C38EB}"
EndProject
Global
	GlobalSection(SolutionConfigurationPlatforms) = preSolution
		Debug|Any CPU = Debug|Any CPU
		Release|Any CPU = Release|Any CPU
	EndGlobalSection
	GlobalSection(ProjectConfigurationPlatforms) = postSolution
		{7377C1FD-E08F-4EF2-93FF-6B12407C38EB}.Debug|Any CPU.ActiveCfg = Debug|Any CPU
		{7377C1FD-E08F-4EF2-93FF-6B12407C38EB}.Debug|Any CPU.Build.0 = Debug|Any CPU
		{7377C1FD-E08F-4EF2-93FF-6B12407C38EB}.Release|Any CPU.ActiveCfg = Release|Any CPU
		{7377C1FD-E08F-4EF2-93FF-6B12407C38EB}.Release|Any CPU.Build.0 = Release|Any CPU
	EndGlobalSection
	GlobalSection(SolutionProperties) = preSolution
		HideSolutionNode = FALSE
	EndGlobalSection
	GlobalSection(ExtensibilityGlobals) = postSolution
		SolutionGuid = {4AAEE8A3-E186-4D6C-96B2-01986C5A4017}
	EndGlobalSection
EndGlobal
